Microsoft Visual Studio Solution File, Format Version 12.00
# Visual Studio Version 17
VisualStudioVersion = 17.5.2.0
MinimumVisualStudioVersion = 10.0.40219.1
Project("{FAE04EC0-301F-11D3-BF4B-00C04F79EFBC}") = "1.NumbersSample1", "1.NumbersSample1.csproj", "{DEC02A52-46AD-FD0D-8CEC-9C0EA4F38422}"
EndProject
Global
	GlobalSection(SolutionConfigurationPlatforms) = preSolution
		Debug|Any CPU = Debug|Any CPU
		Release|Any CPU = Release|Any CPU
	EndGlobalSection
	GlobalSection(ProjectConfigurationPlatforms) = postSolution
		{DEC02A52-46AD-FD0D-8CEC-9C0EA4F38422}.Debug|Any CPU.ActiveCfg = Debug|Any CPU
		{DEC02A52-46AD-FD0D-8CEC-9C0EA4F38422}.Debug|Any CPU.Build.0 = Debug|Any CPU
		{DEC02A52-46AD-FD0D-8CEC-9C0EA4F38422}.Release|Any CPU.ActiveCfg = Release|Any CPU
		{DEC02A52-46AD-FD0D-8CEC-9C0EA4F38422}.Release|Any CPU.Build.0 = Release|Any CPU
	EndGlobalSection
	GlobalSection(SolutionProperties) = preSolution
		HideSolutionNode = FALSE
	EndGlobalSection
	GlobalSection(ExtensibilityGlobals) = postSolution
		SolutionGuid = {A6AF0F2A-C3C7-4F24-AA73-CDF80651236E}
	EndGlobalSection
EndGlobal
