
Microsoft Visual Studio Solution File, Format Version 12.00
# Visual Studio Version 17
VisualStudioVersion = 17.14.37012.4 d17.14
MinimumVisualStudioVersion = 10.0.40219.1
Project("{FAE04EC0-301F-11D3-BF4B-00C04F79EFBC}") = "UsingEncapulation", "UsingEncapulation.csproj", "{3879B33C-1DC2-4668-B784-A7252D240D0C}"
EndProject
Global
	GlobalSection(SolutionConfigurationPlatforms) = preSolution
		Debug|Any CPU = Debug|Any CPU
		Release|Any CPU = Release|Any CPU
	EndGlobalSection
	GlobalSection(ProjectConfigurationPlatforms) = postSolution
		{3879B33C-1DC2-4668-B784-A7252D240D0C}.Debug|Any CPU.ActiveCfg = Debug|Any CPU
		{3879B33C-1DC2-4668-B784-A7252D240D0C}.Debug|Any CPU.Build.0 = Debug|Any CPU
		{3879B33C-1DC2-4668-B784-A7252D240D0C}.Release|Any CPU.ActiveCfg = Release|Any CPU
		{3879B33C-1DC2-4668-B784-A7252D240D0C}.Release|Any CPU.Build.0 = Release|Any CPU
	EndGlobalSection
	GlobalSection(SolutionProperties) = preSolution
		HideSolutionNode = FALSE
	EndGlobalSection
	GlobalSection(ExtensibilityGlobals) = postSolution
		SolutionGuid = {E6209398-724E-4339-A5BB-163EA2B433F6}
	EndGlobalSection
EndGlobal
