
Microsoft Visual Studio Solution File, Format Version 12.00
# Visual Studio Version 17
VisualStudioVersion = 17.14.36301.6 d17.14
MinimumVisualStudioVersion = 10.0.40219.1
Project("{FAE04EC0-301F-11D3-BF4B-00C04F79EFBC}") = "BrickBreaker", "BrickBreaker.csproj", "{481BD3C9-F06C-47FD-8FA4-1E2A01C8A8F1}"
EndProject
Global
	GlobalSection(SolutionConfigurationPlatforms) = preSolution
		Debug|Any CPU = Debug|Any CPU
		Release|Any CPU = Release|Any CPU
	EndGlobalSection
	GlobalSection(ProjectConfigurationPlatforms) = postSolution
		{481BD3C9-F06C-47FD-8FA4-1E2A01C8A8F1}.Debug|Any CPU.ActiveCfg = Debug|Any CPU
		{481BD3C9-F06C-47FD-8FA4-1E2A01C8A8F1}.Debug|Any CPU.Build.0 = Debug|Any CPU
		{481BD3C9-F06C-47FD-8FA4-1E2A01C8A8F1}.Release|Any CPU.ActiveCfg = Release|Any CPU
		{481BD3C9-F06C-47FD-8FA4-1E2A01C8A8F1}.Release|Any CPU.Build.0 = Release|Any CPU
	EndGlobalSection
	GlobalSection(SolutionProperties) = preSolution
		HideSolutionNode = FALSE
	EndGlobalSection
	GlobalSection(ExtensibilityGlobals) = postSolution
		SolutionGuid = {9133EE90-5DF7-48D1-B8F0-6781C2DFF55B}
	EndGlobalSection
EndGlobal
