
Microsoft Visual Studio Solution File, Format Version 12.00
# Visual Studio Version 17
VisualStudioVersion = 17.14.36915.13 d17.14
MinimumVisualStudioVersion = 10.0.40219.1
Project("{FAE04EC0-301F-11D3-BF4B-00C04F79EFBC}") = "Counting", "Counting.csproj", "{ACD326DB-53EF-4BDA-BD57-CE8DF7C0A276}"
EndProject
Global
	GlobalSection(SolutionConfigurationPlatforms) = preSolution
		Debug|Any CPU = Debug|Any CPU
		Release|Any CPU = Release|Any CPU
	EndGlobalSection
	GlobalSection(ProjectConfigurationPlatforms) = postSolution
		{ACD326DB-53EF-4BDA-BD57-CE8DF7C0A276}.Debug|Any CPU.ActiveCfg = Debug|Any CPU
		{ACD326DB-53EF-4BDA-BD57-CE8DF7C0A276}.Debug|Any CPU.Build.0 = Debug|Any CPU
		{ACD326DB-53EF-4BDA-BD57-CE8DF7C0A276}.Release|Any CPU.ActiveCfg = Release|Any CPU
		{ACD326DB-53EF-4BDA-BD57-CE8DF7C0A276}.Release|Any CPU.Build.0 = Release|Any CPU
	EndGlobalSection
	GlobalSection(SolutionProperties) = preSolution
		HideSolutionNode = FALSE
	EndGlobalSection
	GlobalSection(ExtensibilityGlobals) = postSolution
		SolutionGuid = {DAA19F28-5015-4B54-B99B-51D95D69A296}
	EndGlobalSection
EndGlobal
