
Microsoft Visual Studio Solution File, Format Version 12.00
# Visual Studio Version 17
VisualStudioVersion = 17.14.37012.4 d17.14
MinimumVisualStudioVersion = 10.0.40219.1
Project("{FAE04EC0-301F-11D3-BF4B-00C04F79EFBC}") = "UsingInterfaces", "UsingInterfaces.csproj", "{D29A3DA6-47DD-4138-BA5B-25CEB83247AB}"
EndProject
Global
	GlobalSection(SolutionConfigurationPlatforms) = preSolution
		Debug|Any CPU = Debug|Any CPU
		Release|Any CPU = Release|Any CPU
	EndGlobalSection
	GlobalSection(ProjectConfigurationPlatforms) = postSolution
		{D29A3DA6-47DD-4138-BA5B-25CEB83247AB}.Debug|Any CPU.ActiveCfg = Debug|Any CPU
		{D29A3DA6-47DD-4138-BA5B-25CEB83247AB}.Debug|Any CPU.Build.0 = Debug|Any CPU
		{D29A3DA6-47DD-4138-BA5B-25CEB83247AB}.Release|Any CPU.ActiveCfg = Release|Any CPU
		{D29A3DA6-47DD-4138-BA5B-25CEB83247AB}.Release|Any CPU.Build.0 = Release|Any CPU
	EndGlobalSection
	GlobalSection(SolutionProperties) = preSolution
		HideSolutionNode = FALSE
	EndGlobalSection
	GlobalSection(ExtensibilityGlobals) = postSolution
		SolutionGuid = {6A84AADD-0EB7-4A91-9B98-10AB9CDA952C}
	EndGlobalSection
EndGlobal
