
Microsoft Visual Studio Solution File, Format Version 12.00
# Visual Studio Version 17
VisualStudioVersion = 17.14.36915.13 d17.14
MinimumVisualStudioVersion = 10.0.40219.1
Project("{FAE04EC0-301F-11D3-BF4B-00C04F79EFBC}") = "UsingMath", "UsingMath.csproj", "{EE42D40B-3760-467B-8DC5-115602DC8174}"
EndProject
Global
	GlobalSection(SolutionConfigurationPlatforms) = preSolution
		Debug|Any CPU = Debug|Any CPU
		Release|Any CPU = Release|Any CPU
	EndGlobalSection
	GlobalSection(ProjectConfigurationPlatforms) = postSolution
		{EE42D40B-3760-467B-8DC5-115602DC8174}.Debug|Any CPU.ActiveCfg = Debug|Any CPU
		{EE42D40B-3760-467B-8DC5-115602DC8174}.Debug|Any CPU.Build.0 = Debug|Any CPU
		{EE42D40B-3760-467B-8DC5-115602DC8174}.Release|Any CPU.ActiveCfg = Release|Any CPU
		{EE42D40B-3760-467B-8DC5-115602DC8174}.Release|Any CPU.Build.0 = Release|Any CPU
	EndGlobalSection
	GlobalSection(SolutionProperties) = preSolution
		HideSolutionNode = FALSE
	EndGlobalSection
	GlobalSection(ExtensibilityGlobals) = postSolution
		SolutionGuid = {D2379CA3-F800-43BF-832A-BD98B10EB39A}
	EndGlobalSection
EndGlobal
