
Microsoft Visual Studio Solution File, Format Version 12.00
# Visual Studio Version 17
VisualStudioVersion = 17.3.32804.467
MinimumVisualStudioVersion = 10.0.40219.1
Project("{9A19103F-16F7-4668-BE54-9A1E7A4F7556}") = "HelloWorld", "HelloWorld\HelloWorld.csproj", "{E6404A51-AED8-46B7-80BF-18FD2FD1FAD7}"
EndProject
Project("{FAE04EC0-301F-11D3-BF4B-00C04F79EFBC}") = "HelloWorld.NET5", "HelloWorld.NET5\HelloWorld.NET5.csproj", "{D611116C-B0E1-4D5D-8D8B-96D53BADC709}"
EndProject
Global
	GlobalSection(SolutionConfigurationPlatforms) = preSolution
		Debug|Any CPU = Debug|Any CPU
		Release|Any CPU = Release|Any CPU
	EndGlobalSection
	GlobalSection(ProjectConfigurationPlatforms) = postSolution
		{E6404A51-AED8-46B7-80BF-18FD2FD1FAD7}.Debug|Any CPU.ActiveCfg = Debug|Any CPU
		{E6404A51-AED8-46B7-80BF-18FD2FD1FAD7}.Debug|Any CPU.Build.0 = Debug|Any CPU
		{E6404A51-AED8-46B7-80BF-18FD2FD1FAD7}.Release|Any CPU.ActiveCfg = Release|Any CPU
		{E6404A51-AED8-46B7-80BF-18FD2FD1FAD7}.Release|Any CPU.Build.0 = Release|Any CPU
		{D611116C-B0E1-4D5D-8D8B-96D53BADC709}.Debug|Any CPU.ActiveCfg = Debug|Any CPU
		{D611116C-B0E1-4D5D-8D8B-96D53BADC709}.Debug|Any CPU.Build.0 = Debug|Any CPU
		{D611116C-B0E1-4D5D-8D8B-96D53BADC709}.Release|Any CPU.ActiveCfg = Release|Any CPU
		{D611116C-B0E1-4D5D-8D8B-96D53BADC709}.Release|Any CPU.Build.0 = Release|Any CPU
	EndGlobalSection
	GlobalSection(SolutionProperties) = preSolution
		HideSolutionNode = FALSE
	EndGlobalSection
	GlobalSection(ExtensibilityGlobals) = postSolution
		SolutionGuid = {50296544-69A8-4AA2-843E-ADD71E6F57A5}
	EndGlobalSection
EndGlobal
