
Microsoft Visual Studio Solution File, Format Version 12.00
# Visual Studio Version 17
VisualStudioVersion = 17.14.36301.6 d17.14
MinimumVisualStudioVersion = 10.0.40219.1
Project("{FAE04EC0-301F-11D3-BF4B-00C04F79EFBC}") = "EnvironDetails", "EnvironDetails.csproj", "{575DF032-C572-414B-A012-AB21528B89DB}"
EndProject
Global
	GlobalSection(SolutionConfigurationPlatforms) = preSolution
		Debug|Any CPU = Debug|Any CPU
		Release|Any CPU = Release|Any CPU
	EndGlobalSection
	GlobalSection(ProjectConfigurationPlatforms) = postSolution
		{575DF032-C572-414B-A012-AB21528B89DB}.Debug|Any CPU.ActiveCfg = Debug|Any CPU
		{575DF032-C572-414B-A012-AB21528B89DB}.Debug|Any CPU.Build.0 = Debug|Any CPU
		{575DF032-C572-414B-A012-AB21528B89DB}.Release|Any CPU.ActiveCfg = Release|Any CPU
		{575DF032-C572-414B-A012-AB21528B89DB}.Release|Any CPU.Build.0 = Release|Any CPU
	EndGlobalSection
	GlobalSection(SolutionProperties) = preSolution
		HideSolutionNode = FALSE
	EndGlobalSection
	GlobalSection(ExtensibilityGlobals) = postSolution
		SolutionGuid = {68DA50A1-DD77-4CDF-97A9-63B07AD946AE}
	EndGlobalSection
EndGlobal
